
Microsoft Visual Studio Solution File, Format Version 12.00
# Visual Studio 15
VisualStudioVersion = 15.0.27004.2006
MinimumVisualStudioVersion = 10.0.40219.1
Project("{FAE04EC0-301F-11D3-BF4B-00C04F79EFBC}") = "Server", "MessageQueueTask\Server.csproj", "{CBE51DF7-19A2-42DA-ABFB-AAE4084178A2}"
EndProject
Project("{FAE04EC0-301F-11D3-BF4B-00C04F79EFBC}") = "Client", "Client\Client.csproj", "{4033124A-45D2-4D76-8E7E-CCDABFE1384C}"
EndProject
Global
	GlobalSection(SolutionConfigurationPlatforms) = preSolution
		Debug|Any CPU = Debug|Any CPU
		Release|Any CPU = Release|Any CPU
	EndGlobalSection
	GlobalSection(ProjectConfigurationPlatforms) = postSolution
		{CBE51DF7-19A2-42DA-ABFB-AAE4084178A2}.Debug|Any CPU.ActiveCfg = Debug|Any CPU
		{CBE51DF7-19A2-42DA-ABFB-AAE4084178A2}.Debug|Any CPU.Build.0 = Debug|Any CPU
		{CBE51DF7-19A2-42DA-ABFB-AAE4084178A2}.Release|Any CPU.ActiveCfg = Release|Any CPU
		{CBE51DF7-19A2-42DA-ABFB-AAE4084178A2}.Release|Any CPU.Build.0 = Release|Any CPU
		{4033124A-45D2-4D76-8E7E-CCDABFE1384C}.Debug|Any CPU.ActiveCfg = Debug|Any CPU
		{4033124A-45D2-4D76-8E7E-CCDABFE1384C}.Debug|Any CPU.Build.0 = Debug|Any CPU
		{4033124A-45D2-4D76-8E7E-CCDABFE1384C}.Release|Any CPU.ActiveCfg = Release|Any CPU
		{4033124A-45D2-4D76-8E7E-CCDABFE1384C}.Release|Any CPU.Build.0 = Release|Any CPU
	EndGlobalSection
	GlobalSection(SolutionProperties) = preSolution
		HideSolutionNode = FALSE
	EndGlobalSection
	GlobalSection(ExtensibilityGlobals) = postSolution
		SolutionGuid = {F7265365-4997-4FEC-AD81-F453A44EBE5C}
	EndGlobalSection
EndGlobal
